// !$*UTF8*$!
{
	archiveVersion = 1;
	classes = {
	};
	objectVersion = 51;
	objects = {

/* Begin PBXBuildFile section */
		2D6117F3282D5F17003C53DF /* AppDelegate.swift in Sources */ = {isa = PBXBuildFile; fileRef = 2D6117F2282D5F17003C53DF /* AppDelegate.swift */; };
		2D6117F5282D5F17003C53DF /* SceneDelegate.swift in Sources */ = {isa = PBXBuildFile; fileRef = 2D6117F4282D5F17003C53DF /* SceneDelegate.swift */; };
		2D6117FA282D5F18003C53DF /* Main.storyboard in Resources */ = {isa = PBXBuildFile; fileRef = 2D6117F8282D5F18003C53DF /* Main.storyboard */; };
		2D6117FD282D5F18003C53DF /* Sports.xcdatamodeld in Sources */ = {isa = PBXBuildFile; fileRef = 2D6117FB282D5F18003C53DF /* Sports.xcdatamodeld */; };
		2D6117FF282D5F19003C53DF /* Assets.xcassets in Resources */ = {isa = PBXBuildFile; fileRef = 2D6117FE282D5F19003C53DF /* Assets.xcassets */; };
		2D611802282D5F19003C53DF /* LaunchScreen.storyboard in Resources */ = {isa = PBXBuildFile; fileRef = 2D611800282D5F19003C53DF /* LaunchScreen.storyboard */; };
		2D61180D282D5F19003C53DF /* SportsTests.swift in Sources */ = {isa = PBXBuildFile; fileRef = 2D61180C282D5F19003C53DF /* SportsTests.swift */; };
		2D6C5C99282F0A0B006409B8 /* AllSportsPresenterProtocal.swift in Sources */ = {isa = PBXBuildFile; fileRef = 2D6C5C98282F0A0B006409B8 /* AllSportsPresenterProtocal.swift */; };
		2D6C5C9B282F0A23006409B8 /* AllSportsPresenter.swift in Sources */ = {isa = PBXBuildFile; fileRef = 2D6C5C9A282F0A23006409B8 /* AllSportsPresenter.swift */; };
		2D6C5CA0282F0A57006409B8 /* LeaugesPresenterProtocal.swift in Sources */ = {isa = PBXBuildFile; fileRef = 2D6C5C9F282F0A57006409B8 /* LeaugesPresenterProtocal.swift */; };
		2D6C5CA2282F0A6A006409B8 /* LeaguesPresenter.swift in Sources */ = {isa = PBXBuildFile; fileRef = 2D6C5CA1282F0A6A006409B8 /* LeaguesPresenter.swift */; };
		2D6C5CA6282F0B0D006409B8 /* AllSports.swift in Sources */ = {isa = PBXBuildFile; fileRef = 2D6C5CA5282F0B0D006409B8 /* AllSports.swift */; };
		2D6C5CA8282F0B20006409B8 /* Sport.swift in Sources */ = {isa = PBXBuildFile; fileRef = 2D6C5CA7282F0B20006409B8 /* Sport.swift */; };
		2D6C5CAA282F0B4E006409B8 /* NetworkManagerProtocal.swift in Sources */ = {isa = PBXBuildFile; fileRef = 2D6C5CA9282F0B4E006409B8 /* NetworkManagerProtocal.swift */; };
		2D6C5CAC282F0B5D006409B8 /* NetworkManager.swift in Sources */ = {isa = PBXBuildFile; fileRef = 2D6C5CAB282F0B5D006409B8 /* NetworkManager.swift */; };
		2D6C5CAE282F1E10006409B8 /* AllSportsCollectionViewCell.swift in Sources */ = {isa = PBXBuildFile; fileRef = 2D6C5CAD282F1E10006409B8 /* AllSportsCollectionViewCell.swift */; };
		2D6C5CB0282F1E4B006409B8 /* AllSportsViewController.swift in Sources */ = {isa = PBXBuildFile; fileRef = 2D6C5CAF282F1E4B006409B8 /* AllSportsViewController.swift */; };
		2D6C5CB4282F3A3F006409B8 /* AllLeauges.swift in Sources */ = {isa = PBXBuildFile; fileRef = 2D6C5CB3282F3A3E006409B8 /* AllLeauges.swift */; };
		2D6C5CB6282F4881006409B8 /* League.swift in Sources */ = {isa = PBXBuildFile; fileRef = 2D6C5CB5282F4881006409B8 /* League.swift */; };
		354184FAA7014D2278715CF2 /* Pods_SportsTests.framework in Frameworks */ = {isa = PBXBuildFile; fileRef = E71B18B5C1F6AA323D8C11D0 /* Pods_SportsTests.framework */; };
		D04099AD9CEE9F397A492A5A /* Pods_Sports.framework in Frameworks */ = {isa = PBXBuildFile; fileRef = F85D109B6C24E5A1B20D89D9 /* Pods_Sports.framework */; };
		EA6D1EFE282DA2090043FF9F /* LeaguesDetails.swift in Sources */ = {isa = PBXBuildFile; fileRef = EA6D1EFD282DA2090043FF9F /* LeaguesDetails.swift */; };
		EA7D9093282EAF5200075ACE /* CollectionViewCellUpComingEvents.swift in Sources */ = {isa = PBXBuildFile; fileRef = EA7D9091282EAF5200075ACE /* CollectionViewCellUpComingEvents.swift */; };
		EA7D9094282EAF5200075ACE /* CollectionViewCellUpComingEvents.xib in Resources */ = {isa = PBXBuildFile; fileRef = EA7D9092282EAF5200075ACE /* CollectionViewCellUpComingEvents.xib */; };
		EA7D9096282EB8C300075ACE /* Event.swift in Sources */ = {isa = PBXBuildFile; fileRef = EA7D9095282EB8C300075ACE /* Event.swift */; };
		EA7D909F282EE9A600075ACE /* CollectionViewCellTeams.swift in Sources */ = {isa = PBXBuildFile; fileRef = EA7D909D282EE9A600075ACE /* CollectionViewCellTeams.swift */; };
		EA7D90A0282EE9A600075ACE /* CollectionViewCellTeams.xib in Resources */ = {isa = PBXBuildFile; fileRef = EA7D909E282EE9A600075ACE /* CollectionViewCellTeams.xib */; };
		EA7D90A3282EEB5A00075ACE /* Team.swift in Sources */ = {isa = PBXBuildFile; fileRef = EA7D90A2282EEB5A00075ACE /* Team.swift */; };
/* End PBXBuildFile section */

/* Begin PBXContainerItemProxy section */
		2D611809282D5F19003C53DF /* PBXContainerItemProxy */ = {
			isa = PBXContainerItemProxy;
			containerPortal = 2D6117E7282D5F17003C53DF /* Project object */;
			proxyType = 1;
			remoteGlobalIDString = 2D6117EE282D5F17003C53DF;
			remoteInfo = Sports;
		};
/* End PBXContainerItemProxy section */

/* Begin PBXFileReference section */
		2D6117EF282D5F17003C53DF /* Sports.app */ = {isa = PBXFileReference; explicitFileType = wrapper.application; includeInIndex = 0; path = Sports.app; sourceTree = BUILT_PRODUCTS_DIR; };
		2D6117F2282D5F17003C53DF /* AppDelegate.swift */ = {isa = PBXFileReference; lastKnownFileType = sourcecode.swift; path = AppDelegate.swift; sourceTree = "<group>"; };
		2D6117F4282D5F17003C53DF /* SceneDelegate.swift */ = {isa = PBXFileReference; lastKnownFileType = sourcecode.swift; path = SceneDelegate.swift; sourceTree = "<group>"; };
		2D6117F9282D5F18003C53DF /* Base */ = {isa = PBXFileReference; lastKnownFileType = file.storyboard; name = Base; path = Base.lproj/Main.storyboard; sourceTree = "<group>"; };
		2D6117FC282D5F18003C53DF /* Sports.xcdatamodel */ = {isa = PBXFileReference; lastKnownFileType = wrapper.xcdatamodel; path = Sports.xcdatamodel; sourceTree = "<group>"; };
		2D6117FE282D5F19003C53DF /* Assets.xcassets */ = {isa = PBXFileReference; lastKnownFileType = folder.assetcatalog; path = Assets.xcassets; sourceTree = "<group>"; };
		2D611801282D5F19003C53DF /* Base */ = {isa = PBXFileReference; lastKnownFileType = file.storyboard; name = Base; path = Base.lproj/LaunchScreen.storyboard; sourceTree = "<group>"; };
		2D611803282D5F19003C53DF /* Info.plist */ = {isa = PBXFileReference; lastKnownFileType = text.plist.xml; path = Info.plist; sourceTree = "<group>"; };
		2D611808282D5F19003C53DF /* SportsTests.xctest */ = {isa = PBXFileReference; explicitFileType = wrapper.cfbundle; includeInIndex = 0; path = SportsTests.xctest; sourceTree = BUILT_PRODUCTS_DIR; };
		2D61180C282D5F19003C53DF /* SportsTests.swift */ = {isa = PBXFileReference; lastKnownFileType = sourcecode.swift; path = SportsTests.swift; sourceTree = "<group>"; };
		2D61180E282D5F19003C53DF /* Info.plist */ = {isa = PBXFileReference; lastKnownFileType = text.plist.xml; path = Info.plist; sourceTree = "<group>"; };
		2D6C5C98282F0A0B006409B8 /* AllSportsPresenterProtocal.swift */ = {isa = PBXFileReference; lastKnownFileType = sourcecode.swift; path = AllSportsPresenterProtocal.swift; sourceTree = "<group>"; };
		2D6C5C9A282F0A23006409B8 /* AllSportsPresenter.swift */ = {isa = PBXFileReference; lastKnownFileType = sourcecode.swift; path = AllSportsPresenter.swift; sourceTree = "<group>"; };
		2D6C5C9F282F0A57006409B8 /* LeaugesPresenterProtocal.swift */ = {isa = PBXFileReference; lastKnownFileType = sourcecode.swift; path = LeaugesPresenterProtocal.swift; sourceTree = "<group>"; };
		2D6C5CA1282F0A6A006409B8 /* LeaguesPresenter.swift */ = {isa = PBXFileReference; lastKnownFileType = sourcecode.swift; path = LeaguesPresenter.swift; sourceTree = "<group>"; };
		2D6C5CA5282F0B0D006409B8 /* AllSports.swift */ = {isa = PBXFileReference; lastKnownFileType = sourcecode.swift; path = AllSports.swift; sourceTree = "<group>"; };
		2D6C5CA7282F0B20006409B8 /* Sport.swift */ = {isa = PBXFileReference; lastKnownFileType = sourcecode.swift; path = Sport.swift; sourceTree = "<group>"; };
		2D6C5CA9282F0B4E006409B8 /* NetworkManagerProtocal.swift */ = {isa = PBXFileReference; lastKnownFileType = sourcecode.swift; path = NetworkManagerProtocal.swift; sourceTree = "<group>"; };
		2D6C5CAB282F0B5D006409B8 /* NetworkManager.swift */ = {isa = PBXFileReference; lastKnownFileType = sourcecode.swift; path = NetworkManager.swift; sourceTree = "<group>"; };
		2D6C5CAD282F1E10006409B8 /* AllSportsCollectionViewCell.swift */ = {isa = PBXFileReference; lastKnownFileType = sourcecode.swift; path = AllSportsCollectionViewCell.swift; sourceTree = "<group>"; };
		2D6C5CAF282F1E4B006409B8 /* AllSportsViewController.swift */ = {isa = PBXFileReference; lastKnownFileType = sourcecode.swift; path = AllSportsViewController.swift; sourceTree = "<group>"; };
		2D6C5CB3282F3A3E006409B8 /* AllLeauges.swift */ = {isa = PBXFileReference; lastKnownFileType = sourcecode.swift; path = AllLeauges.swift; sourceTree = "<group>"; };
		2D6C5CB5282F4881006409B8 /* League.swift */ = {isa = PBXFileReference; lastKnownFileType = sourcecode.swift; path = League.swift; sourceTree = "<group>"; };
		30D178426FCFCC878A838164 /* Pods-SportsTests.release.xcconfig */ = {isa = PBXFileReference; includeInIndex = 1; lastKnownFileType = text.xcconfig; name = "Pods-SportsTests.release.xcconfig"; path = "Target Support Files/Pods-SportsTests/Pods-SportsTests.release.xcconfig"; sourceTree = "<group>"; };
		419C5AC88163206DF649BE87 /* Pods-Sports.release.xcconfig */ = {isa = PBXFileReference; includeInIndex = 1; lastKnownFileType = text.xcconfig; name = "Pods-Sports.release.xcconfig"; path = "Target Support Files/Pods-Sports/Pods-Sports.release.xcconfig"; sourceTree = "<group>"; };
		43266960D76A08C36EC41BF8 /* Pods-SportsTests.debug.xcconfig */ = {isa = PBXFileReference; includeInIndex = 1; lastKnownFileType = text.xcconfig; name = "Pods-SportsTests.debug.xcconfig"; path = "Target Support Files/Pods-SportsTests/Pods-SportsTests.debug.xcconfig"; sourceTree = "<group>"; };
		63ABFA751CC650F6D6372090 /* Pods-Sports.debug.xcconfig */ = {isa = PBXFileReference; includeInIndex = 1; lastKnownFileType = text.xcconfig; name = "Pods-Sports.debug.xcconfig"; path = "Target Support Files/Pods-Sports/Pods-Sports.debug.xcconfig"; sourceTree = "<group>"; };
		E71B18B5C1F6AA323D8C11D0 /* Pods_SportsTests.framework */ = {isa = PBXFileReference; explicitFileType = wrapper.framework; includeInIndex = 0; path = Pods_SportsTests.framework; sourceTree = BUILT_PRODUCTS_DIR; };
		EA6D1EFD282DA2090043FF9F /* LeaguesDetails.swift */ = {isa = PBXFileReference; lastKnownFileType = sourcecode.swift; path = LeaguesDetails.swift; sourceTree = "<group>"; };
		EA7D9091282EAF5200075ACE /* CollectionViewCellUpComingEvents.swift */ = {isa = PBXFileReference; lastKnownFileType = sourcecode.swift; path = CollectionViewCellUpComingEvents.swift; sourceTree = "<group>"; };
		EA7D9092282EAF5200075ACE /* CollectionViewCellUpComingEvents.xib */ = {isa = PBXFileReference; lastKnownFileType = file.xib; path = CollectionViewCellUpComingEvents.xib; sourceTree = "<group>"; };
		EA7D9095282EB8C300075ACE /* Event.swift */ = {isa = PBXFileReference; lastKnownFileType = sourcecode.swift; path = Event.swift; sourceTree = "<group>"; };
		EA7D909D282EE9A600075ACE /* CollectionViewCellTeams.swift */ = {isa = PBXFileReference; lastKnownFileType = sourcecode.swift; path = CollectionViewCellTeams.swift; sourceTree = "<group>"; };
		EA7D909E282EE9A600075ACE /* CollectionViewCellTeams.xib */ = {isa = PBXFileReference; lastKnownFileType = file.xib; path = CollectionViewCellTeams.xib; sourceTree = "<group>"; };
		EA7D90A2282EEB5A00075ACE /* Team.swift */ = {isa = PBXFileReference; lastKnownFileType = sourcecode.swift; path = Team.swift; sourceTree = "<group>"; };
		F85D109B6C24E5A1B20D89D9 /* Pods_Sports.framework */ = {isa = PBXFileReference; explicitFileType = wrapper.framework; includeInIndex = 0; path = Pods_Sports.framework; sourceTree = BUILT_PRODUCTS_DIR; };
/* End PBXFileReference section */

/* Begin PBXFrameworksBuildPhase section */
		2D6117EC282D5F17003C53DF /* Frameworks */ = {
			isa = PBXFrameworksBuildPhase;
			buildActionMask = 2147483647;
			files = (
				D04099AD9CEE9F397A492A5A /* Pods_Sports.framework in Frameworks */,
			);
			runOnlyForDeploymentPostprocessing = 0;
		};
		2D611805282D5F19003C53DF /* Frameworks */ = {
			isa = PBXFrameworksBuildPhase;
			buildActionMask = 2147483647;
			files = (
				354184FAA7014D2278715CF2 /* Pods_SportsTests.framework in Frameworks */,
			);
			runOnlyForDeploymentPostprocessing = 0;
		};
/* End PBXFrameworksBuildPhase section */

/* Begin PBXGroup section */
		2D6117E6282D5F17003C53DF = {
			isa = PBXGroup;
			children = (
				2D6117F1282D5F17003C53DF /* Sports */,
				2D61180B282D5F19003C53DF /* SportsTests */,
				2D6117F0282D5F17003C53DF /* Products */,
				FE6E0F05D5221EF845EA3B1A /* Pods */,
				A93E3BCBB97D8853481ACBBC /* Frameworks */,
			);
			sourceTree = "<group>";
		};
		2D6117F0282D5F17003C53DF /* Products */ = {
			isa = PBXGroup;
			children = (
				2D6117EF282D5F17003C53DF /* Sports.app */,
				2D611808282D5F19003C53DF /* SportsTests.xctest */,
			);
			name = Products;
			sourceTree = "<group>";
		};
		2D6117F1282D5F17003C53DF /* Sports */ = {
			isa = PBXGroup;
			children = (
				2D6C5CA3282F0A71006409B8 /* Services */,
				2D6C5C94282F098F006409B8 /* Module */,
				EA7D90A1282EEB3D00075ACE /* Model */,
				2D611817282D5F36003C53DF /* View */,
				2D6117F2282D5F17003C53DF /* AppDelegate.swift */,
				2D6117F4282D5F17003C53DF /* SceneDelegate.swift */,
				2D6117FE282D5F19003C53DF /* Assets.xcassets */,
				2D611803282D5F19003C53DF /* Info.plist */,
				2D6117FB282D5F18003C53DF /* Sports.xcdatamodeld */,
			);
			path = Sports;
			sourceTree = "<group>";
		};
		2D61180B282D5F19003C53DF /* SportsTests */ = {
			isa = PBXGroup;
			children = (
				2D61180C282D5F19003C53DF /* SportsTests.swift */,
				2D61180E282D5F19003C53DF /* Info.plist */,
			);
			path = SportsTests;
			sourceTree = "<group>";
		};
		2D611817282D5F36003C53DF /* View */ = {
			isa = PBXGroup;
			children = (
				2D6117F8282D5F18003C53DF /* Main.storyboard */,
				2D611800282D5F19003C53DF /* LaunchScreen.storyboard */,
			);
			path = View;
			sourceTree = "<group>";
		};
		2D6C5C94282F098F006409B8 /* Module */ = {
			isa = PBXGroup;
			children = (
				2D6C5C9C282F0A2A006409B8 /* Leagues */,
				2D6C5C95282F09B8006409B8 /* AllSports */,
				EA7D90A9282F042400075ACE /* LeaguesDetailsScreen */,
			);
			path = Module;
			sourceTree = "<group>";
		};
		2D6C5C95282F09B8006409B8 /* AllSports */ = {
			isa = PBXGroup;
			children = (
				2D6C5C97282F09C7006409B8 /* Presenter */,
				2D6C5C96282F09C1006409B8 /* View */,
			);
			path = AllSports;
			sourceTree = "<group>";
		};
		2D6C5C96282F09C1006409B8 /* View */ = {
			isa = PBXGroup;
			children = (
				2D6C5CAD282F1E10006409B8 /* AllSportsCollectionViewCell.swift */,
				2D6C5CAF282F1E4B006409B8 /* AllSportsViewController.swift */,
			);
			path = View;
			sourceTree = "<group>";
		};
		2D6C5C97282F09C7006409B8 /* Presenter */ = {
			isa = PBXGroup;
			children = (
				2D6C5C98282F0A0B006409B8 /* AllSportsPresenterProtocal.swift */,
				2D6C5C9A282F0A23006409B8 /* AllSportsPresenter.swift */,
			);
			path = Presenter;
			sourceTree = "<group>";
		};
		2D6C5C9C282F0A2A006409B8 /* Leagues */ = {
			isa = PBXGroup;
			children = (
				2D6C5C9E282F0A3E006409B8 /* Presenter */,
				2D6C5C9D282F0A37006409B8 /* View */,
			);
			path = Leagues;
			sourceTree = "<group>";
		};
		2D6C5C9D282F0A37006409B8 /* View */ = {
			isa = PBXGroup;
			children = (
			);
			path = View;
			sourceTree = "<group>";
		};
		2D6C5C9E282F0A3E006409B8 /* Presenter */ = {
			isa = PBXGroup;
			children = (
				2D6C5C9F282F0A57006409B8 /* LeaugesPresenterProtocal.swift */,
				2D6C5CA1282F0A6A006409B8 /* LeaguesPresenter.swift */,
			);
			path = Presenter;
			sourceTree = "<group>";
		};
		2D6C5CA3282F0A71006409B8 /* Services */ = {
			isa = PBXGroup;
			children = (
				2D6C5CA4282F0A79006409B8 /* Networking */,
			);
			path = Services;
			sourceTree = "<group>";
		};
		2D6C5CA4282F0A79006409B8 /* Networking */ = {
			isa = PBXGroup;
			children = (
				2D6C5CA9282F0B4E006409B8 /* NetworkManagerProtocal.swift */,
				2D6C5CAB282F0B5D006409B8 /* NetworkManager.swift */,
			);
			path = Networking;
			sourceTree = "<group>";
		};
		A93E3BCBB97D8853481ACBBC /* Frameworks */ = {
			isa = PBXGroup;
			children = (
				F85D109B6C24E5A1B20D89D9 /* Pods_Sports.framework */,
				E71B18B5C1F6AA323D8C11D0 /* Pods_SportsTests.framework */,
			);
			name = Frameworks;
			sourceTree = "<group>";
		};
		EA7D90A1282EEB3D00075ACE /* Model */ = {
			isa = PBXGroup;
			children = (
				EA7D9095282EB8C300075ACE /* Event.swift */,
				EA7D90A2282EEB5A00075ACE /* Team.swift */,
				2D6C5CA5282F0B0D006409B8 /* AllSports.swift */,
				2D6C5CA7282F0B20006409B8 /* Sport.swift */,
				2D6C5CB3282F3A3E006409B8 /* AllLeauges.swift */,
				2D6C5CB5282F4881006409B8 /* League.swift */,
			);
			path = Model;
			sourceTree = "<group>";
		};
		EA7D90A6282EEC4A00075ACE /* LeaguesDetailsCells */ = {
			isa = PBXGroup;
			children = (
				EA7D909E282EE9A600075ACE /* CollectionViewCellTeams.xib */,
				EA7D909D282EE9A600075ACE /* CollectionViewCellTeams.swift */,
				EA7D9092282EAF5200075ACE /* CollectionViewCellUpComingEvents.xib */,
				EA7D9091282EAF5200075ACE /* CollectionViewCellUpComingEvents.swift */,
			);
			path = LeaguesDetailsCells;
			sourceTree = "<group>";
		};
		EA7D90A9282F042400075ACE /* LeaguesDetailsScreen */ = {
			isa = PBXGroup;
			children = (
				EA7D90AB282F046A00075ACE /* Presenter */,
				EA7D90AA282F043300075ACE /* View */,
			);
			path = LeaguesDetailsScreen;
			sourceTree = "<group>";
		};
		EA7D90AA282F043300075ACE /* View */ = {
			isa = PBXGroup;
			children = (
				EA6D1EFD282DA2090043FF9F /* LeaguesDetails.swift */,
				EA7D90A6282EEC4A00075ACE /* LeaguesDetailsCells */,
			);
			path = View;
			sourceTree = "<group>";
		};
		EA7D90AB282F046A00075ACE /* Presenter */ = {
			isa = PBXGroup;
			children = (
			);
			path = Presenter;
			sourceTree = "<group>";
		};
		FE6E0F05D5221EF845EA3B1A /* Pods */ = {
			isa = PBXGroup;
			children = (
				63ABFA751CC650F6D6372090 /* Pods-Sports.debug.xcconfig */,
				419C5AC88163206DF649BE87 /* Pods-Sports.release.xcconfig */,
				43266960D76A08C36EC41BF8 /* Pods-SportsTests.debug.xcconfig */,
				30D178426FCFCC878A838164 /* Pods-SportsTests.release.xcconfig */,
			);
			path = Pods;
			sourceTree = "<group>";
		};
/* End PBXGroup section */

/* Begin PBXNativeTarget section */
		2D6117EE282D5F17003C53DF /* Sports */ = {
			isa = PBXNativeTarget;
			buildConfigurationList = 2D611811282D5F19003C53DF /* Build configuration list for PBXNativeTarget "Sports" */;
			buildPhases = (
				6269E1B1F879109E126A34CB /* [CP] Check Pods Manifest.lock */,
				2D6117EB282D5F17003C53DF /* Sources */,
				2D6117EC282D5F17003C53DF /* Frameworks */,
				2D6117ED282D5F17003C53DF /* Resources */,
				4D8AE1749A81FB53EF642E93 /* [CP] Embed Pods Frameworks */,
			);
			buildRules = (
			);
			dependencies = (
			);
			name = Sports;
			productName = Sports;
			productReference = 2D6117EF282D5F17003C53DF /* Sports.app */;
			productType = "com.apple.product-type.application";
		};
		2D611807282D5F19003C53DF /* SportsTests */ = {
			isa = PBXNativeTarget;
			buildConfigurationList = 2D611814282D5F19003C53DF /* Build configuration list for PBXNativeTarget "SportsTests" */;
			buildPhases = (
				F441A513BEB2C31273F208F0 /* [CP] Check Pods Manifest.lock */,
				2D611804282D5F19003C53DF /* Sources */,
				2D611805282D5F19003C53DF /* Frameworks */,
				2D611806282D5F19003C53DF /* Resources */,
			);
			buildRules = (
			);
			dependencies = (
				2D61180A282D5F19003C53DF /* PBXTargetDependency */,
			);
			name = SportsTests;
			productName = SportsTests;
			productReference = 2D611808282D5F19003C53DF /* SportsTests.xctest */;
			productType = "com.apple.product-type.bundle.unit-test";
		};
/* End PBXNativeTarget section */

/* Begin PBXProject section */
		2D6117E7282D5F17003C53DF /* Project object */ = {
			isa = PBXProject;
			attributes = {
				LastSwiftUpdateCheck = 1100;
				LastUpgradeCheck = 1100;
				ORGANIZATIONNAME = ayahassan;
				TargetAttributes = {
					2D6117EE282D5F17003C53DF = {
						CreatedOnToolsVersion = 11.0;
					};
					2D611807282D5F19003C53DF = {
						CreatedOnToolsVersion = 11.0;
						TestTargetID = 2D6117EE282D5F17003C53DF;
					};
				};
			};
			buildConfigurationList = 2D6117EA282D5F17003C53DF /* Build configuration list for PBXProject "Sports" */;
			compatibilityVersion = "Xcode 9.3";
			developmentRegion = en;
			hasScannedForEncodings = 0;
			knownRegions = (
				en,
				Base,
			);
			mainGroup = 2D6117E6282D5F17003C53DF;
			productRefGroup = 2D6117F0282D5F17003C53DF /* Products */;
			projectDirPath = "";
			projectRoot = "";
			targets = (
				2D6117EE282D5F17003C53DF /* Sports */,
				2D611807282D5F19003C53DF /* SportsTests */,
			);
		};
/* End PBXProject section */

/* Begin PBXResourcesBuildPhase section */
		2D6117ED282D5F17003C53DF /* Resources */ = {
			isa = PBXResourcesBuildPhase;
			buildActionMask = 2147483647;
			files = (
				2D611802282D5F19003C53DF /* LaunchScreen.storyboard in Resources */,
				EA7D90A0282EE9A600075ACE /* CollectionViewCellTeams.xib in Resources */,
				2D6117FF282D5F19003C53DF /* Assets.xcassets in Resources */,
				2D6117FA282D5F18003C53DF /* Main.storyboard in Resources */,
				EA7D9094282EAF5200075ACE /* CollectionViewCellUpComingEvents.xib in Resources */,
			);
			runOnlyForDeploymentPostprocessing = 0;
		};
		2D611806282D5F19003C53DF /* Resources */ = {
			isa = PBXResourcesBuildPhase;
			buildActionMask = 2147483647;
			files = (
			);
			runOnlyForDeploymentPostprocessing = 0;
		};
/* End PBXResourcesBuildPhase section */

/* Begin PBXShellScriptBuildPhase section */
		4D8AE1749A81FB53EF642E93 /* [CP] Embed Pods Frameworks */ = {
			isa = PBXShellScriptBuildPhase;
			buildActionMask = 2147483647;
			files = (
			);
			inputFileListPaths = (
				"${PODS_ROOT}/Target Support Files/Pods-Sports/Pods-Sports-frameworks-${CONFIGURATION}-input-files.xcfilelist",
			);
			name = "[CP] Embed Pods Frameworks";
			outputFileListPaths = (
				"${PODS_ROOT}/Target Support Files/Pods-Sports/Pods-Sports-frameworks-${CONFIGURATION}-output-files.xcfilelist",
			);
			runOnlyForDeploymentPostprocessing = 0;
			shellPath = /bin/sh;
			shellScript = "\"${PODS_ROOT}/Target Support Files/Pods-Sports/Pods-Sports-frameworks.sh\"\n";
			showEnvVarsInLog = 0;
		};
		6269E1B1F879109E126A34CB /* [CP] Check Pods Manifest.lock */ = {
			isa = PBXShellScriptBuildPhase;
			buildActionMask = 2147483647;
			files = (
			);
			inputFileListPaths = (
			);
			inputPaths = (
				"${PODS_PODFILE_DIR_PATH}/Podfile.lock",
				"${PODS_ROOT}/Manifest.lock",
			);
			name = "[CP] Check Pods Manifest.lock";
			outputFileListPaths = (
			);
			outputPaths = (
				"$(DERIVED_FILE_DIR)/Pods-Sports-checkManifestLockResult.txt",
			);
			runOnlyForDeploymentPostprocessing = 0;
			shellPath = /bin/sh;
			shellScript = "diff \"${PODS_PODFILE_DIR_PATH}/Podfile.lock\" \"${PODS_ROOT}/Manifest.lock\" > /dev/null\nif [ $? != 0 ] ; then\n    # print error to STDERR\n    echo \"error: The sandbox is not in sync with the Podfile.lock. Run 'pod install' or update your CocoaPods installation.\" >&2\n    exit 1\nfi\n# This output is used by Xcode 'outputs' to avoid re-running this script phase.\necho \"SUCCESS\" > \"${SCRIPT_OUTPUT_FILE_0}\"\n";
			showEnvVarsInLog = 0;
		};
		F441A513BEB2C31273F208F0 /* [CP] Check Pods Manifest.lock */ = {
			isa = PBXShellScriptBuildPhase;
			buildActionMask = 2147483647;
			files = (
			);
			inputFileListPaths = (
			);
			inputPaths = (
				"${PODS_PODFILE_DIR_PATH}/Podfile.lock",
				"${PODS_ROOT}/Manifest.lock",
			);
			name = "[CP] Check Pods Manifest.lock";
			outputFileListPaths = (
			);
			outputPaths = (
				"$(DERIVED_FILE_DIR)/Pods-SportsTests-checkManifestLockResult.txt",
			);
			runOnlyForDeploymentPostprocessing = 0;
			shellPath = /bin/sh;
			shellScript = "diff \"${PODS_PODFILE_DIR_PATH}/Podfile.lock\" \"${PODS_ROOT}/Manifest.lock\" > /dev/null\nif [ $? != 0 ] ; then\n    # print error to STDERR\n    echo \"error: The sandbox is not in sync with the Podfile.lock. Run 'pod install' or update your CocoaPods installation.\" >&2\n    exit 1\nfi\n# This output is used by Xcode 'outputs' to avoid re-running this script phase.\necho \"SUCCESS\" > \"${SCRIPT_OUTPUT_FILE_0}\"\n";
			showEnvVarsInLog = 0;
		};
/* End PBXShellScriptBuildPhase section */

/* Begin PBXSourcesBuildPhase section */
		2D6117EB282D5F17003C53DF /* Sources */ = {
			isa = PBXSourcesBuildPhase;
			buildActionMask = 2147483647;
			files = (
				2D6C5CAC282F0B5D006409B8 /* NetworkManager.swift in Sources */,
				2D6C5CAE282F1E10006409B8 /* AllSportsCollectionViewCell.swift in Sources */,
				2D6C5C99282F0A0B006409B8 /* AllSportsPresenterProtocal.swift in Sources */,
				2D6C5CA6282F0B0D006409B8 /* AllSports.swift in Sources */,
				2D6C5CA0282F0A57006409B8 /* LeaugesPresenterProtocal.swift in Sources */,
				2D6117F3282D5F17003C53DF /* AppDelegate.swift in Sources */,
				2D6C5CB0282F1E4B006409B8 /* AllSportsViewController.swift in Sources */,
				2D6C5CB6282F4881006409B8 /* League.swift in Sources */,
				2D6C5CAA282F0B4E006409B8 /* NetworkManagerProtocal.swift in Sources */,
				EA7D909F282EE9A600075ACE /* CollectionViewCellTeams.swift in Sources */,
				EA6D1EFE282DA2090043FF9F /* LeaguesDetails.swift in Sources */,
				EA7D9096282EB8C300075ACE /* Event.swift in Sources */,
				EA7D9093282EAF5200075ACE /* CollectionViewCellUpComingEvents.swift in Sources */,
				2D6C5C9B282F0A23006409B8 /* AllSportsPresenter.swift in Sources */,
				2D6C5CA2282F0A6A006409B8 /* LeaguesPresenter.swift in Sources */,
				2D6117FD282D5F18003C53DF /* Sports.xcdatamodeld in Sources */,
				EA7D90A3282EEB5A00075ACE /* Team.swift in Sources */,
				2D6C5CA8282F0B20006409B8 /* Sport.swift in Sources */,
				2D6C5CB4282F3A3F006409B8 /* AllLeauges.swift in Sources */,
				2D6117F5282D5F17003C53DF /* SceneDelegate.swift in Sources */,
			);
			runOnlyForDeploymentPostprocessing = 0;
		};
		2D611804282D5F19003C53DF /* Sources */ = {
			isa = PBXSourcesBuildPhase;
			buildActionMask = 2147483647;
			files = (
				2D61180D282D5F19003C53DF /* SportsTests.swift in Sources */,
			);
			runOnlyForDeploymentPostprocessing = 0;
		};
/* End PBXSourcesBuildPhase section */

/* Begin PBXTargetDependency section */
		2D61180A282D5F19003C53DF /* PBXTargetDependency */ = {
			isa = PBXTargetDependency;
			target = 2D6117EE282D5F17003C53DF /* Sports */;
			targetProxy = 2D611809282D5F19003C53DF /* PBXContainerItemProxy */;
		};
/* End PBXTargetDependency section */

/* Begin PBXVariantGroup section */
		2D6117F8282D5F18003C53DF /* Main.storyboard */ = {
			isa = PBXVariantGroup;
			children = (
				2D6117F9282D5F18003C53DF /* Base */,
			);
			name = Main.storyboard;
			sourceTree = "<group>";
		};
		2D611800282D5F19003C53DF /* LaunchScreen.storyboard */ = {
			isa = PBXVariantGroup;
			children = (
				2D611801282D5F19003C53DF /* Base */,
			);
			name = LaunchScreen.storyboard;
			sourceTree = "<group>";
		};
/* End PBXVariantGroup section */

/* Begin XCBuildConfiguration section */
		2D61180F282D5F19003C53DF /* Debug */ = {
			isa = XCBuildConfiguration;
			buildSettings = {
				ALWAYS_SEARCH_USER_PATHS = NO;
				CLANG_ANALYZER_NONNULL = YES;
				CLANG_ANALYZER_NUMBER_OBJECT_CONVERSION = YES_AGGRESSIVE;
				CLANG_CXX_LANGUAGE_STANDARD = "gnu++14";
				CLANG_CXX_LIBRARY = "libc++";
				CLANG_ENABLE_MODULES = YES;
				CLANG_ENABLE_OBJC_ARC = YES;
				CLANG_ENABLE_OBJC_WEAK = YES;
				CLANG_WARN_BLOCK_CAPTURE_AUTORELEASING = YES;
				CLANG_WARN_BOOL_CONVERSION = YES;
				CLANG_WARN_COMMA = YES;
				CLANG_WARN_CONSTANT_CONVERSION = YES;
				CLANG_WARN_DEPRECATED_OBJC_IMPLEMENTATIONS = YES;
				CLANG_WARN_DIRECT_OBJC_ISA_USAGE = YES_ERROR;
				CLANG_WARN_DOCUMENTATION_COMMENTS = YES;
				CLANG_WARN_EMPTY_BODY = YES;
				CLANG_WARN_ENUM_CONVERSION = YES;
				CLANG_WARN_INFINITE_RECURSION = YES;
				CLANG_WARN_INT_CONVERSION = YES;
				CLANG_WARN_NON_LITERAL_NULL_CONVERSION = YES;
				CLANG_WARN_OBJC_IMPLICIT_RETAIN_SELF = YES;
				CLANG_WARN_OBJC_LITERAL_CONVERSION = YES;
				CLANG_WARN_OBJC_ROOT_CLASS = YES_ERROR;
				CLANG_WARN_RANGE_LOOP_ANALYSIS = YES;
				CLANG_WARN_STRICT_PROTOTYPES = YES;
				CLANG_WARN_SUSPICIOUS_MOVE = YES;
				CLANG_WARN_UNGUARDED_AVAILABILITY = YES_AGGRESSIVE;
				CLANG_WARN_UNREACHABLE_CODE = YES;
				CLANG_WARN__DUPLICATE_METHOD_MATCH = YES;
				COPY_PHASE_STRIP = NO;
				DEBUG_INFORMATION_FORMAT = dwarf;
				ENABLE_STRICT_OBJC_MSGSEND = YES;
				ENABLE_TESTABILITY = YES;
				GCC_C_LANGUAGE_STANDARD = gnu11;
				GCC_DYNAMIC_NO_PIC = NO;
				GCC_NO_COMMON_BLOCKS = YES;
				GCC_OPTIMIZATION_LEVEL = 0;
				GCC_PREPROCESSOR_DEFINITIONS = (
					"DEBUG=1",
					"$(inherited)",
				);
				GCC_WARN_64_TO_32_BIT_CONVERSION = YES;
				GCC_WARN_ABOUT_RETURN_TYPE = YES_ERROR;
				GCC_WARN_UNDECLARED_SELECTOR = YES;
				GCC_WARN_UNINITIALIZED_AUTOS = YES_AGGRESSIVE;
				GCC_WARN_UNUSED_FUNCTION = YES;
				GCC_WARN_UNUSED_VARIABLE = YES;
				IPHONEOS_DEPLOYMENT_TARGET = 13.0;
				MTL_ENABLE_DEBUG_INFO = INCLUDE_SOURCE;
				MTL_FAST_MATH = YES;
				ONLY_ACTIVE_ARCH = YES;
				SDKROOT = iphoneos;
				SWIFT_ACTIVE_COMPILATION_CONDITIONS = DEBUG;
				SWIFT_OPTIMIZATION_LEVEL = "-Onone";
			};
			name = Debug;
		};
		2D611810282D5F19003C53DF /* Release */ = {
			isa = XCBuildConfiguration;
			buildSettings = {
				ALWAYS_SEARCH_USER_PATHS = NO;
				CLANG_ANALYZER_NONNULL = YES;
				CLANG_ANALYZER_NUMBER_OBJECT_CONVERSION = YES_AGGRESSIVE;
				CLANG_CXX_LANGUAGE_STANDARD = "gnu++14";
				CLANG_CXX_LIBRARY = "libc++";
				CLANG_ENABLE_MODULES = YES;
				CLANG_ENABLE_OBJC_ARC = YES;
				CLANG_ENABLE_OBJC_WEAK = YES;
				CLANG_WARN_BLOCK_CAPTURE_AUTORELEASING = YES;
				CLANG_WARN_BOOL_CONVERSION = YES;
				CLANG_WARN_COMMA = YES;
				CLANG_WARN_CONSTANT_CONVERSION = YES;
				CLANG_WARN_DEPRECATED_OBJC_IMPLEMENTATIONS = YES;
				CLANG_WARN_DIRECT_OBJC_ISA_USAGE = YES_ERROR;
				CLANG_WARN_DOCUMENTATION_COMMENTS = YES;
				CLANG_WARN_EMPTY_BODY = YES;
				CLANG_WARN_ENUM_CONVERSION = YES;
				CLANG_WARN_INFINITE_RECURSION = YES;
				CLANG_WARN_INT_CONVERSION = YES;
				CLANG_WARN_NON_LITERAL_NULL_CONVERSION = YES;
				CLANG_WARN_OBJC_IMPLICIT_RETAIN_SELF = YES;
				CLANG_WARN_OBJC_LITERAL_CONVERSION = YES;
				CLANG_WARN_OBJC_ROOT_CLASS = YES_ERROR;
				CLANG_WARN_RANGE_LOOP_ANALYSIS = YES;
				CLANG_WARN_STRICT_PROTOTYPES = YES;
				CLANG_WARN_SUSPICIOUS_MOVE = YES;
				CLANG_WARN_UNGUARDED_AVAILABILITY = YES_AGGRESSIVE;
				CLANG_WARN_UNREACHABLE_CODE = YES;
				CLANG_WARN__DUPLICATE_METHOD_MATCH = YES;
				COPY_PHASE_STRIP = NO;
				DEBUG_INFORMATION_FORMAT = "dwarf-with-dsym";
				ENABLE_NS_ASSERTIONS = NO;
				ENABLE_STRICT_OBJC_MSGSEND = YES;
				GCC_C_LANGUAGE_STANDARD = gnu11;
				GCC_NO_COMMON_BLOCKS = YES;
				GCC_WARN_64_TO_32_BIT_CONVERSION = YES;
				GCC_WARN_ABOUT_RETURN_TYPE = YES_ERROR;
				GCC_WARN_UNDECLARED_SELECTOR = YES;
				GCC_WARN_UNINITIALIZED_AUTOS = YES_AGGRESSIVE;
				GCC_WARN_UNUSED_FUNCTION = YES;
				GCC_WARN_UNUSED_VARIABLE = YES;
				IPHONEOS_DEPLOYMENT_TARGET = 13.0;
				MTL_ENABLE_DEBUG_INFO = NO;
				MTL_FAST_MATH = YES;
				SDKROOT = iphoneos;
				SWIFT_COMPILATION_MODE = wholemodule;
				SWIFT_OPTIMIZATION_LEVEL = "-O";
				VALIDATE_PRODUCT = YES;
			};
			name = Release;
		};
		2D611812282D5F19003C53DF /* Debug */ = {
			isa = XCBuildConfiguration;
			baseConfigurationReference = 63ABFA751CC650F6D6372090 /* Pods-Sports.debug.xcconfig */;
			buildSettings = {
				ASSETCATALOG_COMPILER_APPICON_NAME = AppIcon;
				CODE_SIGN_STYLE = Automatic;
				DEVELOPMENT_TEAM = P3FASN82JW;
				INFOPLIST_FILE = Sports/Info.plist;
				LD_RUNPATH_SEARCH_PATHS = (
					"$(inherited)",
					"@executable_path/Frameworks",
				);
				PRODUCT_BUNDLE_IDENTIFIER = Aya.Sports;
				PRODUCT_NAME = "$(TARGET_NAME)";
				SWIFT_VERSION = 5.0;
				TARGETED_DEVICE_FAMILY = "1,2";
			};
			name = Debug;
		};
		2D611813282D5F19003C53DF /* Release */ = {
			isa = XCBuildConfiguration;
			baseConfigurationReference = 419C5AC88163206DF649BE87 /* Pods-Sports.release.xcconfig */;
			buildSettings = {
				ASSETCATALOG_COMPILER_APPICON_NAME = AppIcon;
				CODE_SIGN_STYLE = Automatic;
				DEVELOPMENT_TEAM = P3FASN82JW;
				INFOPLIST_FILE = Sports/Info.plist;
				LD_RUNPATH_SEARCH_PATHS = (
					"$(inherited)",
					"@executable_path/Frameworks",
				);
				PRODUCT_BUNDLE_IDENTIFIER = Aya.Sports;
				PRODUCT_NAME = "$(TARGET_NAME)";
				SWIFT_VERSION = 5.0;
				TARGETED_DEVICE_FAMILY = "1,2";
			};
			name = Release;
		};
		2D611815282D5F19003C53DF /* Debug */ = {
			isa = XCBuildConfiguration;
			baseConfigurationReference = 43266960D76A08C36EC41BF8 /* Pods-SportsTests.debug.xcconfig */;
			buildSettings = {
				ALWAYS_EMBED_SWIFT_STANDARD_LIBRARIES = YES;
				BUNDLE_LOADER = "$(TEST_HOST)";
				CODE_SIGN_STYLE = Automatic;
				DEVELOPMENT_TEAM = P3FASN82JW;
				INFOPLIST_FILE = SportsTests/Info.plist;
				IPHONEOS_DEPLOYMENT_TARGET = 13.0;
				LD_RUNPATH_SEARCH_PATHS = (
					"$(inherited)",
					"@executable_path/Frameworks",
					"@loader_path/Frameworks",
				);
				PRODUCT_BUNDLE_IDENTIFIER = Aya.SportsTests;
				PRODUCT_NAME = "$(TARGET_NAME)";
				SWIFT_VERSION = 5.0;
				TARGETED_DEVICE_FAMILY = "1,2";
				TEST_HOST = "$(BUILT_PRODUCTS_DIR)/Sports.app/Sports";
			};
			name = Debug;
		};
		2D611816282D5F19003C53DF /* Release */ = {
			isa = XCBuildConfiguration;
			baseConfigurationReference = 30D178426FCFCC878A838164 /* Pods-SportsTests.release.xcconfig */;
			buildSettings = {
				ALWAYS_EMBED_SWIFT_STANDARD_LIBRARIES = YES;
				BUNDLE_LOADER = "$(TEST_HOST)";
				CODE_SIGN_STYLE = Automatic;
				DEVELOPMENT_TEAM = P3FASN82JW;
				INFOPLIST_FILE = SportsTests/Info.plist;
				IPHONEOS_DEPLOYMENT_TARGET = 13.0;
				LD_RUNPATH_SEARCH_PATHS = (
					"$(inherited)",
					"@executable_path/Frameworks",
					"@loader_path/Frameworks",
				);
				PRODUCT_BUNDLE_IDENTIFIER = Aya.SportsTests;
				PRODUCT_NAME = "$(TARGET_NAME)";
				SWIFT_VERSION = 5.0;
				TARGETED_DEVICE_FAMILY = "1,2";
				TEST_HOST = "$(BUILT_PRODUCTS_DIR)/Sports.app/Sports";
			};
			name = Release;
		};
/* End XCBuildConfiguration section */

/* Begin XCConfigurationList section */
		2D6117EA282D5F17003C53DF /* Build configuration list for PBXProject "Sports" */ = {
			isa = XCConfigurationList;
			buildConfigurations = (
				2D61180F282D5F19003C53DF /* Debug */,
				2D611810282D5F19003C53DF /* Release */,
			);
			defaultConfigurationIsVisible = 0;
			defaultConfigurationName = Release;
		};
		2D611811282D5F19003C53DF /* Build configuration list for PBXNativeTarget "Sports" */ = {
			isa = XCConfigurationList;
			buildConfigurations = (
				2D611812282D5F19003C53DF /* Debug */,
				2D611813282D5F19003C53DF /* Release */,
			);
			defaultConfigurationIsVisible = 0;
			defaultConfigurationName = Release;
		};
		2D611814282D5F19003C53DF /* Build configuration list for PBXNativeTarget "SportsTests" */ = {
			isa = XCConfigurationList;
			buildConfigurations = (
				2D611815282D5F19003C53DF /* Debug */,
				2D611816282D5F19003C53DF /* Release */,
			);
			defaultConfigurationIsVisible = 0;
			defaultConfigurationName = Release;
		};
/* End XCConfigurationList section */

/* Begin XCVersionGroup section */
		2D6117FB282D5F18003C53DF /* Sports.xcdatamodeld */ = {
			isa = XCVersionGroup;
			children = (
				2D6117FC282D5F18003C53DF /* Sports.xcdatamodel */,
			);
			currentVersion = 2D6117FC282D5F18003C53DF /* Sports.xcdatamodel */;
			path = Sports.xcdatamodeld;
			sourceTree = "<group>";
			versionGroupType = wrapper.xcdatamodel;
		};
/* End XCVersionGroup section */
	};
	rootObject = 2D6117E7282D5F17003C53DF /* Project object */;
}
